<?xml version="1.0" encoding="UTF-8"?>
<CodeBlocks_project_file>
	<FileVersion major="1" minor="6"/>
	<Project>
		<Option title="CN-TP5"/>
		<Option makefile_is_custom="1"/>
		<Option compiler="gcc"/>
		<Option virtualFolders="CMake Files\;CMake Files\src\;"/>
		<Build>
			<Target title="all">
				<Option working_dir="/home/thukisdo/Bureau/Cours/M1/NUMERICAL/TP5/Release"/>
				<Option type="4"/>
				<MakeCommands>
					<Build command="/usr/bin/gmake -j4 -f &quot;/home/thukisdo/Bureau/Cours/M1/NUMERICAL/TP5/Release/Makefile&quot;  VERBOSE=1 all"/>
					<CompileFile command="/usr/bin/gmake -j4 -f &quot;/home/thukisdo/Bureau/Cours/M1/NUMERICAL/TP5/Release/Makefile&quot;  VERBOSE=1 &quot;$file&quot;"/>
					<Clean command="/usr/bin/gmake -j4 -f &quot;/home/thukisdo/Bureau/Cours/M1/NUMERICAL/TP5/Release/Makefile&quot;  VERBOSE=1 clean"/>
					<DistClean command="/usr/bin/gmake -j4 -f &quot;/home/thukisdo/Bureau/Cours/M1/NUMERICAL/TP5/Release/Makefile&quot;  VERBOSE=1 clean"/>
				</MakeCommands>
			</Target>
			<Target title="rebuild_cache">
				<Option working_dir="/home/thukisdo/Bureau/Cours/M1/NUMERICAL/TP5/Release"/>
				<Option type="4"/>
				<MakeCommands>
					<Build command="/usr/bin/gmake -j4 -f &quot;/home/thukisdo/Bureau/Cours/M1/NUMERICAL/TP5/Release/Makefile&quot;  VERBOSE=1 rebuild_cache"/>
					<CompileFile command="/usr/bin/gmake -j4 -f &quot;/home/thukisdo/Bureau/Cours/M1/NUMERICAL/TP5/Release/Makefile&quot;  VERBOSE=1 &quot;$file&quot;"/>
					<Clean command="/usr/bin/gmake -j4 -f &quot;/home/thukisdo/Bureau/Cours/M1/NUMERICAL/TP5/Release/Makefile&quot;  VERBOSE=1 clean"/>
					<DistClean command="/usr/bin/gmake -j4 -f &quot;/home/thukisdo/Bureau/Cours/M1/NUMERICAL/TP5/Release/Makefile&quot;  VERBOSE=1 clean"/>
				</MakeCommands>
			</Target>
			<Target title="edit_cache">
				<Option working_dir="/home/thukisdo/Bureau/Cours/M1/NUMERICAL/TP5/Release"/>
				<Option type="4"/>
				<MakeCommands>
					<Build command="/usr/bin/gmake -j4 -f &quot;/home/thukisdo/Bureau/Cours/M1/NUMERICAL/TP5/Release/Makefile&quot;  VERBOSE=1 edit_cache"/>
					<CompileFile command="/usr/bin/gmake -j4 -f &quot;/home/thukisdo/Bureau/Cours/M1/NUMERICAL/TP5/Release/Makefile&quot;  VERBOSE=1 &quot;$file&quot;"/>
					<Clean command="/usr/bin/gmake -j4 -f &quot;/home/thukisdo/Bureau/Cours/M1/NUMERICAL/TP5/Release/Makefile&quot;  VERBOSE=1 clean"/>
					<DistClean command="/usr/bin/gmake -j4 -f &quot;/home/thukisdo/Bureau/Cours/M1/NUMERICAL/TP5/Release/Makefile&quot;  VERBOSE=1 clean"/>
				</MakeCommands>
			</Target>
			<Target title="dgbmv_ex4">
				<Option output="/home/thukisdo/Bureau/Cours/M1/NUMERICAL/TP5/Release/src/dgbmv_ex4" prefix_auto="0" extension_auto="0"/>
				<Option working_dir="/home/thukisdo/Bureau/Cours/M1/NUMERICAL/TP5/Release/src"/>
				<Option object_output="./"/>
				<Option type="1"/>
				<Option compiler="gcc"/>
				<Compiler>
					<Add directory="/home/thukisdo/Bureau/Cours/M1/NUMERICAL/TP5/include"/>
					<Add directory="/usr/include/openblas"/>
					<Add directory="/usr/lib/gcc/x86_64-redhat-linux/11/../../../../include/c++/11"/>
					<Add directory="/usr/lib/gcc/x86_64-redhat-linux/11/../../../../include/c++/11/x86_64-redhat-linux"/>
					<Add directory="/usr/lib/gcc/x86_64-redhat-linux/11/../../../../include/c++/11/backward"/>
					<Add directory="/usr/lib/gcc/x86_64-redhat-linux/11/include"/>
					<Add directory="/usr/local/include"/>
					<Add directory="/usr/include"/>
				</Compiler>
				<MakeCommands>
					<Build command="/usr/bin/gmake -j4 -f &quot;/home/thukisdo/Bureau/Cours/M1/NUMERICAL/TP5/Release/src/Makefile&quot;  VERBOSE=1 dgbmv_ex4"/>
					<CompileFile command="/usr/bin/gmake -j4 -f &quot;/home/thukisdo/Bureau/Cours/M1/NUMERICAL/TP5/Release/src/Makefile&quot;  VERBOSE=1 &quot;$file&quot;"/>
					<Clean command="/usr/bin/gmake -j4 -f &quot;/home/thukisdo/Bureau/Cours/M1/NUMERICAL/TP5/Release/src/Makefile&quot;  VERBOSE=1 clean"/>
					<DistClean command="/usr/bin/gmake -j4 -f &quot;/home/thukisdo/Bureau/Cours/M1/NUMERICAL/TP5/Release/src/Makefile&quot;  VERBOSE=1 clean"/>
				</MakeCommands>
			</Target>
			<Target title="dgbmv_ex4/fast">
				<Option output="/home/thukisdo/Bureau/Cours/M1/NUMERICAL/TP5/Release/src/dgbmv_ex4" prefix_auto="0" extension_auto="0"/>
				<Option working_dir="/home/thukisdo/Bureau/Cours/M1/NUMERICAL/TP5/Release/src"/>
				<Option object_output="./"/>
				<Option type="1"/>
				<Option compiler="gcc"/>
				<Compiler>
					<Add directory="/home/thukisdo/Bureau/Cours/M1/NUMERICAL/TP5/include"/>
					<Add directory="/usr/include/openblas"/>
					<Add directory="/usr/lib/gcc/x86_64-redhat-linux/11/../../../../include/c++/11"/>
					<Add directory="/usr/lib/gcc/x86_64-redhat-linux/11/../../../../include/c++/11/x86_64-redhat-linux"/>
					<Add directory="/usr/lib/gcc/x86_64-redhat-linux/11/../../../../include/c++/11/backward"/>
					<Add directory="/usr/lib/gcc/x86_64-redhat-linux/11/include"/>
					<Add directory="/usr/local/include"/>
					<Add directory="/usr/include"/>
				</Compiler>
				<MakeCommands>
					<Build command="/usr/bin/gmake -j4 -f &quot;/home/thukisdo/Bureau/Cours/M1/NUMERICAL/TP5/Release/src/Makefile&quot;  VERBOSE=1 dgbmv_ex4/fast"/>
					<CompileFile command="/usr/bin/gmake -j4 -f &quot;/home/thukisdo/Bureau/Cours/M1/NUMERICAL/TP5/Release/src/Makefile&quot;  VERBOSE=1 &quot;$file&quot;"/>
					<Clean command="/usr/bin/gmake -j4 -f &quot;/home/thukisdo/Bureau/Cours/M1/NUMERICAL/TP5/Release/src/Makefile&quot;  VERBOSE=1 clean"/>
					<DistClean command="/usr/bin/gmake -j4 -f &quot;/home/thukisdo/Bureau/Cours/M1/NUMERICAL/TP5/Release/src/Makefile&quot;  VERBOSE=1 clean"/>
				</MakeCommands>
			</Target>
			<Target title="utils">
				<Option output="/home/thukisdo/Bureau/Cours/M1/NUMERICAL/TP5/Release/src/libutils.a" prefix_auto="0" extension_auto="0"/>
				<Option working_dir="/home/thukisdo/Bureau/Cours/M1/NUMERICAL/TP5/Release/src"/>
				<Option object_output="./"/>
				<Option type="2"/>
				<Option compiler="gcc"/>
				<Compiler>
					<Add directory="/home/thukisdo/Bureau/Cours/M1/NUMERICAL/TP5/include"/>
					<Add directory="/usr/lib/gcc/x86_64-redhat-linux/11/../../../../include/c++/11"/>
					<Add directory="/usr/lib/gcc/x86_64-redhat-linux/11/../../../../include/c++/11/x86_64-redhat-linux"/>
					<Add directory="/usr/lib/gcc/x86_64-redhat-linux/11/../../../../include/c++/11/backward"/>
					<Add directory="/usr/lib/gcc/x86_64-redhat-linux/11/include"/>
					<Add directory="/usr/local/include"/>
					<Add directory="/usr/include"/>
				</Compiler>
				<MakeCommands>
					<Build command="/usr/bin/gmake -j4 -f &quot;/home/thukisdo/Bureau/Cours/M1/NUMERICAL/TP5/Release/src/Makefile&quot;  VERBOSE=1 utils"/>
					<CompileFile command="/usr/bin/gmake -j4 -f &quot;/home/thukisdo/Bureau/Cours/M1/NUMERICAL/TP5/Release/src/Makefile&quot;  VERBOSE=1 &quot;$file&quot;"/>
					<Clean command="/usr/bin/gmake -j4 -f &quot;/home/thukisdo/Bureau/Cours/M1/NUMERICAL/TP5/Release/src/Makefile&quot;  VERBOSE=1 clean"/>
					<DistClean command="/usr/bin/gmake -j4 -f &quot;/home/thukisdo/Bureau/Cours/M1/NUMERICAL/TP5/Release/src/Makefile&quot;  VERBOSE=1 clean"/>
				</MakeCommands>
			</Target>
			<Target title="utils/fast">
				<Option output="/home/thukisdo/Bureau/Cours/M1/NUMERICAL/TP5/Release/src/libutils.a" prefix_auto="0" extension_auto="0"/>
				<Option working_dir="/home/thukisdo/Bureau/Cours/M1/NUMERICAL/TP5/Release/src"/>
				<Option object_output="./"/>
				<Option type="2"/>
				<Option compiler="gcc"/>
				<Compiler>
					<Add directory="/home/thukisdo/Bureau/Cours/M1/NUMERICAL/TP5/include"/>
					<Add directory="/usr/lib/gcc/x86_64-redhat-linux/11/../../../../include/c++/11"/>
					<Add directory="/usr/lib/gcc/x86_64-redhat-linux/11/../../../../include/c++/11/x86_64-redhat-linux"/>
					<Add directory="/usr/lib/gcc/x86_64-redhat-linux/11/../../../../include/c++/11/backward"/>
					<Add directory="/usr/lib/gcc/x86_64-redhat-linux/11/include"/>
					<Add directory="/usr/local/include"/>
					<Add directory="/usr/include"/>
				</Compiler>
				<MakeCommands>
					<Build command="/usr/bin/gmake -j4 -f &quot;/home/thukisdo/Bureau/Cours/M1/NUMERICAL/TP5/Release/src/Makefile&quot;  VERBOSE=1 utils/fast"/>
					<CompileFile command="/usr/bin/gmake -j4 -f &quot;/home/thukisdo/Bureau/Cours/M1/NUMERICAL/TP5/Release/src/Makefile&quot;  VERBOSE=1 &quot;$file&quot;"/>
					<Clean command="/usr/bin/gmake -j4 -f &quot;/home/thukisdo/Bureau/Cours/M1/NUMERICAL/TP5/Release/src/Makefile&quot;  VERBOSE=1 clean"/>
					<DistClean command="/usr/bin/gmake -j4 -f &quot;/home/thukisdo/Bureau/Cours/M1/NUMERICAL/TP5/Release/src/Makefile&quot;  VERBOSE=1 clean"/>
				</MakeCommands>
			</Target>
			<Target title="poisson1D">
				<Option output="/home/thukisdo/Bureau/Cours/M1/NUMERICAL/TP5/Release/src/libpoisson1D.a" prefix_auto="0" extension_auto="0"/>
				<Option working_dir="/home/thukisdo/Bureau/Cours/M1/NUMERICAL/TP5/Release/src"/>
				<Option object_output="./"/>
				<Option type="2"/>
				<Option compiler="gcc"/>
				<Compiler>
					<Add directory="/home/thukisdo/Bureau/Cours/M1/NUMERICAL/TP5/include"/>
					<Add directory="/usr/include/openblas"/>
					<Add directory="/usr/lib/gcc/x86_64-redhat-linux/11/../../../../include/c++/11"/>
					<Add directory="/usr/lib/gcc/x86_64-redhat-linux/11/../../../../include/c++/11/x86_64-redhat-linux"/>
					<Add directory="/usr/lib/gcc/x86_64-redhat-linux/11/../../../../include/c++/11/backward"/>
					<Add directory="/usr/lib/gcc/x86_64-redhat-linux/11/include"/>
					<Add directory="/usr/local/include"/>
					<Add directory="/usr/include"/>
				</Compiler>
				<MakeCommands>
					<Build command="/usr/bin/gmake -j4 -f &quot;/home/thukisdo/Bureau/Cours/M1/NUMERICAL/TP5/Release/src/Makefile&quot;  VERBOSE=1 poisson1D"/>
					<CompileFile command="/usr/bin/gmake -j4 -f &quot;/home/thukisdo/Bureau/Cours/M1/NUMERICAL/TP5/Release/src/Makefile&quot;  VERBOSE=1 &quot;$file&quot;"/>
					<Clean command="/usr/bin/gmake -j4 -f &quot;/home/thukisdo/Bureau/Cours/M1/NUMERICAL/TP5/Release/src/Makefile&quot;  VERBOSE=1 clean"/>
					<DistClean command="/usr/bin/gmake -j4 -f &quot;/home/thukisdo/Bureau/Cours/M1/NUMERICAL/TP5/Release/src/Makefile&quot;  VERBOSE=1 clean"/>
				</MakeCommands>
			</Target>
			<Target title="poisson1D/fast">
				<Option output="/home/thukisdo/Bureau/Cours/M1/NUMERICAL/TP5/Release/src/libpoisson1D.a" prefix_auto="0" extension_auto="0"/>
				<Option working_dir="/home/thukisdo/Bureau/Cours/M1/NUMERICAL/TP5/Release/src"/>
				<Option object_output="./"/>
				<Option type="2"/>
				<Option compiler="gcc"/>
				<Compiler>
					<Add directory="/home/thukisdo/Bureau/Cours/M1/NUMERICAL/TP5/include"/>
					<Add directory="/usr/include/openblas"/>
					<Add directory="/usr/lib/gcc/x86_64-redhat-linux/11/../../../../include/c++/11"/>
					<Add directory="/usr/lib/gcc/x86_64-redhat-linux/11/../../../../include/c++/11/x86_64-redhat-linux"/>
					<Add directory="/usr/lib/gcc/x86_64-redhat-linux/11/../../../../include/c++/11/backward"/>
					<Add directory="/usr/lib/gcc/x86_64-redhat-linux/11/include"/>
					<Add directory="/usr/local/include"/>
					<Add directory="/usr/include"/>
				</Compiler>
				<MakeCommands>
					<Build command="/usr/bin/gmake -j4 -f &quot;/home/thukisdo/Bureau/Cours/M1/NUMERICAL/TP5/Release/src/Makefile&quot;  VERBOSE=1 poisson1D/fast"/>
					<CompileFile command="/usr/bin/gmake -j4 -f &quot;/home/thukisdo/Bureau/Cours/M1/NUMERICAL/TP5/Release/src/Makefile&quot;  VERBOSE=1 &quot;$file&quot;"/>
					<Clean command="/usr/bin/gmake -j4 -f &quot;/home/thukisdo/Bureau/Cours/M1/NUMERICAL/TP5/Release/src/Makefile&quot;  VERBOSE=1 clean"/>
					<DistClean command="/usr/bin/gmake -j4 -f &quot;/home/thukisdo/Bureau/Cours/M1/NUMERICAL/TP5/Release/src/Makefile&quot;  VERBOSE=1 clean"/>
				</MakeCommands>
			</Target>
			<Target title="poisson1D_direct">
				<Option output="/home/thukisdo/Bureau/Cours/M1/NUMERICAL/TP5/Release/src/poisson1D_direct" prefix_auto="0" extension_auto="0"/>
				<Option working_dir="/home/thukisdo/Bureau/Cours/M1/NUMERICAL/TP5/Release/src"/>
				<Option object_output="./"/>
				<Option type="1"/>
				<Option compiler="gcc"/>
				<Compiler>
					<Add directory="/home/thukisdo/Bureau/Cours/M1/NUMERICAL/TP5/include"/>
					<Add directory="/usr/include/openblas"/>
					<Add directory="/usr/lib/gcc/x86_64-redhat-linux/11/../../../../include/c++/11"/>
					<Add directory="/usr/lib/gcc/x86_64-redhat-linux/11/../../../../include/c++/11/x86_64-redhat-linux"/>
					<Add directory="/usr/lib/gcc/x86_64-redhat-linux/11/../../../../include/c++/11/backward"/>
					<Add directory="/usr/lib/gcc/x86_64-redhat-linux/11/include"/>
					<Add directory="/usr/local/include"/>
					<Add directory="/usr/include"/>
				</Compiler>
				<MakeCommands>
					<Build command="/usr/bin/gmake -j4 -f &quot;/home/thukisdo/Bureau/Cours/M1/NUMERICAL/TP5/Release/src/Makefile&quot;  VERBOSE=1 poisson1D_direct"/>
					<CompileFile command="/usr/bin/gmake -j4 -f &quot;/home/thukisdo/Bureau/Cours/M1/NUMERICAL/TP5/Release/src/Makefile&quot;  VERBOSE=1 &quot;$file&quot;"/>
					<Clean command="/usr/bin/gmake -j4 -f &quot;/home/thukisdo/Bureau/Cours/M1/NUMERICAL/TP5/Release/src/Makefile&quot;  VERBOSE=1 clean"/>
					<DistClean command="/usr/bin/gmake -j4 -f &quot;/home/thukisdo/Bureau/Cours/M1/NUMERICAL/TP5/Release/src/Makefile&quot;  VERBOSE=1 clean"/>
				</MakeCommands>
			</Target>
			<Target title="poisson1D_direct/fast">
				<Option output="/home/thukisdo/Bureau/Cours/M1/NUMERICAL/TP5/Release/src/poisson1D_direct" prefix_auto="0" extension_auto="0"/>
				<Option working_dir="/home/thukisdo/Bureau/Cours/M1/NUMERICAL/TP5/Release/src"/>
				<Option object_output="./"/>
				<Option type="1"/>
				<Option compiler="gcc"/>
				<Compiler>
					<Add directory="/home/thukisdo/Bureau/Cours/M1/NUMERICAL/TP5/include"/>
					<Add directory="/usr/include/openblas"/>
					<Add directory="/usr/lib/gcc/x86_64-redhat-linux/11/../../../../include/c++/11"/>
					<Add directory="/usr/lib/gcc/x86_64-redhat-linux/11/../../../../include/c++/11/x86_64-redhat-linux"/>
					<Add directory="/usr/lib/gcc/x86_64-redhat-linux/11/../../../../include/c++/11/backward"/>
					<Add directory="/usr/lib/gcc/x86_64-redhat-linux/11/include"/>
					<Add directory="/usr/local/include"/>
					<Add directory="/usr/include"/>
				</Compiler>
				<MakeCommands>
					<Build command="/usr/bin/gmake -j4 -f &quot;/home/thukisdo/Bureau/Cours/M1/NUMERICAL/TP5/Release/src/Makefile&quot;  VERBOSE=1 poisson1D_direct/fast"/>
					<CompileFile command="/usr/bin/gmake -j4 -f &quot;/home/thukisdo/Bureau/Cours/M1/NUMERICAL/TP5/Release/src/Makefile&quot;  VERBOSE=1 &quot;$file&quot;"/>
					<Clean command="/usr/bin/gmake -j4 -f &quot;/home/thukisdo/Bureau/Cours/M1/NUMERICAL/TP5/Release/src/Makefile&quot;  VERBOSE=1 clean"/>
					<DistClean command="/usr/bin/gmake -j4 -f &quot;/home/thukisdo/Bureau/Cours/M1/NUMERICAL/TP5/Release/src/Makefile&quot;  VERBOSE=1 clean"/>
				</MakeCommands>
			</Target>
			<Target title="test_env">
				<Option output="/home/thukisdo/Bureau/Cours/M1/NUMERICAL/TP5/Release/src/test_env" prefix_auto="0" extension_auto="0"/>
				<Option working_dir="/home/thukisdo/Bureau/Cours/M1/NUMERICAL/TP5/Release/src"/>
				<Option object_output="./"/>
				<Option type="1"/>
				<Option compiler="gcc"/>
				<Compiler>
					<Add directory="/home/thukisdo/Bureau/Cours/M1/NUMERICAL/TP5/include"/>
					<Add directory="/usr/include/openblas"/>
					<Add directory="/usr/lib/gcc/x86_64-redhat-linux/11/../../../../include/c++/11"/>
					<Add directory="/usr/lib/gcc/x86_64-redhat-linux/11/../../../../include/c++/11/x86_64-redhat-linux"/>
					<Add directory="/usr/lib/gcc/x86_64-redhat-linux/11/../../../../include/c++/11/backward"/>
					<Add directory="/usr/lib/gcc/x86_64-redhat-linux/11/include"/>
					<Add directory="/usr/local/include"/>
					<Add directory="/usr/include"/>
				</Compiler>
				<MakeCommands>
					<Build command="/usr/bin/gmake -j4 -f &quot;/home/thukisdo/Bureau/Cours/M1/NUMERICAL/TP5/Release/src/Makefile&quot;  VERBOSE=1 test_env"/>
					<CompileFile command="/usr/bin/gmake -j4 -f &quot;/home/thukisdo/Bureau/Cours/M1/NUMERICAL/TP5/Release/src/Makefile&quot;  VERBOSE=1 &quot;$file&quot;"/>
					<Clean command="/usr/bin/gmake -j4 -f &quot;/home/thukisdo/Bureau/Cours/M1/NUMERICAL/TP5/Release/src/Makefile&quot;  VERBOSE=1 clean"/>
					<DistClean command="/usr/bin/gmake -j4 -f &quot;/home/thukisdo/Bureau/Cours/M1/NUMERICAL/TP5/Release/src/Makefile&quot;  VERBOSE=1 clean"/>
				</MakeCommands>
			</Target>
			<Target title="test_env/fast">
				<Option output="/home/thukisdo/Bureau/Cours/M1/NUMERICAL/TP5/Release/src/test_env" prefix_auto="0" extension_auto="0"/>
				<Option working_dir="/home/thukisdo/Bureau/Cours/M1/NUMERICAL/TP5/Release/src"/>
				<Option object_output="./"/>
				<Option type="1"/>
				<Option compiler="gcc"/>
				<Compiler>
					<Add directory="/home/thukisdo/Bureau/Cours/M1/NUMERICAL/TP5/include"/>
					<Add directory="/usr/include/openblas"/>
					<Add directory="/usr/lib/gcc/x86_64-redhat-linux/11/../../../../include/c++/11"/>
					<Add directory="/usr/lib/gcc/x86_64-redhat-linux/11/../../../../include/c++/11/x86_64-redhat-linux"/>
					<Add directory="/usr/lib/gcc/x86_64-redhat-linux/11/../../../../include/c++/11/backward"/>
					<Add directory="/usr/lib/gcc/x86_64-redhat-linux/11/include"/>
					<Add directory="/usr/local/include"/>
					<Add directory="/usr/include"/>
				</Compiler>
				<MakeCommands>
					<Build command="/usr/bin/gmake -j4 -f &quot;/home/thukisdo/Bureau/Cours/M1/NUMERICAL/TP5/Release/src/Makefile&quot;  VERBOSE=1 test_env/fast"/>
					<CompileFile command="/usr/bin/gmake -j4 -f &quot;/home/thukisdo/Bureau/Cours/M1/NUMERICAL/TP5/Release/src/Makefile&quot;  VERBOSE=1 &quot;$file&quot;"/>
					<Clean command="/usr/bin/gmake -j4 -f &quot;/home/thukisdo/Bureau/Cours/M1/NUMERICAL/TP5/Release/src/Makefile&quot;  VERBOSE=1 clean"/>
					<DistClean command="/usr/bin/gmake -j4 -f &quot;/home/thukisdo/Bureau/Cours/M1/NUMERICAL/TP5/Release/src/Makefile&quot;  VERBOSE=1 clean"/>
				</MakeCommands>
			</Target>
			<Target title="poisson1D_iterat">
				<Option output="/home/thukisdo/Bureau/Cours/M1/NUMERICAL/TP5/Release/src/poisson1D_iterat" prefix_auto="0" extension_auto="0"/>
				<Option working_dir="/home/thukisdo/Bureau/Cours/M1/NUMERICAL/TP5/Release/src"/>
				<Option object_output="./"/>
				<Option type="1"/>
				<Option compiler="gcc"/>
				<Compiler>
					<Add directory="/home/thukisdo/Bureau/Cours/M1/NUMERICAL/TP5/include"/>
					<Add directory="/usr/include/openblas"/>
					<Add directory="/usr/lib/gcc/x86_64-redhat-linux/11/../../../../include/c++/11"/>
					<Add directory="/usr/lib/gcc/x86_64-redhat-linux/11/../../../../include/c++/11/x86_64-redhat-linux"/>
					<Add directory="/usr/lib/gcc/x86_64-redhat-linux/11/../../../../include/c++/11/backward"/>
					<Add directory="/usr/lib/gcc/x86_64-redhat-linux/11/include"/>
					<Add directory="/usr/local/include"/>
					<Add directory="/usr/include"/>
				</Compiler>
				<MakeCommands>
					<Build command="/usr/bin/gmake -j4 -f &quot;/home/thukisdo/Bureau/Cours/M1/NUMERICAL/TP5/Release/src/Makefile&quot;  VERBOSE=1 poisson1D_iterat"/>
					<CompileFile command="/usr/bin/gmake -j4 -f &quot;/home/thukisdo/Bureau/Cours/M1/NUMERICAL/TP5/Release/src/Makefile&quot;  VERBOSE=1 &quot;$file&quot;"/>
					<Clean command="/usr/bin/gmake -j4 -f &quot;/home/thukisdo/Bureau/Cours/M1/NUMERICAL/TP5/Release/src/Makefile&quot;  VERBOSE=1 clean"/>
					<DistClean command="/usr/bin/gmake -j4 -f &quot;/home/thukisdo/Bureau/Cours/M1/NUMERICAL/TP5/Release/src/Makefile&quot;  VERBOSE=1 clean"/>
				</MakeCommands>
			</Target>
			<Target title="poisson1D_iterat/fast">
				<Option output="/home/thukisdo/Bureau/Cours/M1/NUMERICAL/TP5/Release/src/poisson1D_iterat" prefix_auto="0" extension_auto="0"/>
				<Option working_dir="/home/thukisdo/Bureau/Cours/M1/NUMERICAL/TP5/Release/src"/>
				<Option object_output="./"/>
				<Option type="1"/>
				<Option compiler="gcc"/>
				<Compiler>
					<Add directory="/home/thukisdo/Bureau/Cours/M1/NUMERICAL/TP5/include"/>
					<Add directory="/usr/include/openblas"/>
					<Add directory="/usr/lib/gcc/x86_64-redhat-linux/11/../../../../include/c++/11"/>
					<Add directory="/usr/lib/gcc/x86_64-redhat-linux/11/../../../../include/c++/11/x86_64-redhat-linux"/>
					<Add directory="/usr/lib/gcc/x86_64-redhat-linux/11/../../../../include/c++/11/backward"/>
					<Add directory="/usr/lib/gcc/x86_64-redhat-linux/11/include"/>
					<Add directory="/usr/local/include"/>
					<Add directory="/usr/include"/>
				</Compiler>
				<MakeCommands>
					<Build command="/usr/bin/gmake -j4 -f &quot;/home/thukisdo/Bureau/Cours/M1/NUMERICAL/TP5/Release/src/Makefile&quot;  VERBOSE=1 poisson1D_iterat/fast"/>
					<CompileFile command="/usr/bin/gmake -j4 -f &quot;/home/thukisdo/Bureau/Cours/M1/NUMERICAL/TP5/Release/src/Makefile&quot;  VERBOSE=1 &quot;$file&quot;"/>
					<Clean command="/usr/bin/gmake -j4 -f &quot;/home/thukisdo/Bureau/Cours/M1/NUMERICAL/TP5/Release/src/Makefile&quot;  VERBOSE=1 clean"/>
					<DistClean command="/usr/bin/gmake -j4 -f &quot;/home/thukisdo/Bureau/Cours/M1/NUMERICAL/TP5/Release/src/Makefile&quot;  VERBOSE=1 clean"/>
				</MakeCommands>
			</Target>
		</Build>
		<Unit filename="/home/thukisdo/Bureau/Cours/M1/NUMERICAL/TP5/include/blaslapack_headers.h">
			<Option target="poisson1D_direct"/>
			<Option target="test_env"/>
			<Option target="poisson1D_iterat"/>
		</Unit>
		<Unit filename="/home/thukisdo/Bureau/Cours/M1/NUMERICAL/TP5/include/lib_poisson1D.h">
			<Option target="poisson1D"/>
		</Unit>
		<Unit filename="/home/thukisdo/Bureau/Cours/M1/NUMERICAL/TP5/include/tp_env.h">
			<Option target="test_env"/>
		</Unit>
		<Unit filename="/home/thukisdo/Bureau/Cours/M1/NUMERICAL/TP5/include/utils.h">
			<Option target="utils"/>
		</Unit>
		<Unit filename="/home/thukisdo/Bureau/Cours/M1/NUMERICAL/TP5/src/dgbmv.c">
			<Option target="dgbmv_ex4"/>
		</Unit>
		<Unit filename="/home/thukisdo/Bureau/Cours/M1/NUMERICAL/TP5/src/lib_poisson1D.c">
			<Option target="poisson1D"/>
		</Unit>
		<Unit filename="/home/thukisdo/Bureau/Cours/M1/NUMERICAL/TP5/src/tp2_poisson1D_direct.c">
			<Option target="poisson1D_direct"/>
		</Unit>
		<Unit filename="/home/thukisdo/Bureau/Cours/M1/NUMERICAL/TP5/src/tp2_poisson1D_iter.c">
			<Option target="poisson1D_iterat"/>
		</Unit>
		<Unit filename="/home/thukisdo/Bureau/Cours/M1/NUMERICAL/TP5/src/tp_env.c">
			<Option target="test_env"/>
		</Unit>
		<Unit filename="/home/thukisdo/Bureau/Cours/M1/NUMERICAL/TP5/src/utils.c">
			<Option target="utils"/>
		</Unit>
		<Unit filename="/home/thukisdo/Bureau/Cours/M1/NUMERICAL/TP5/CMakeLists.txt">
			<Option virtualFolder="CMake Files\"/>
		</Unit>
		<Unit filename="/home/thukisdo/Bureau/Cours/M1/NUMERICAL/TP5/src/CMakeLists.txt">
			<Option virtualFolder="CMake Files\src\"/>
		</Unit>
	</Project>
</CodeBlocks_project_file>
